PODS:
  - fl_contacts (0.0.1):
    - FlutterMacOS
  - FlutterMacOS (1.0.0)

DEPENDENCIES:
  - fl_contacts (from `Flutter/ephemeral/.symlinks/plugins/fl_contacts/macos`)
  - FlutterMacOS (from `Flutter/ephemeral`)

EXTERNAL SOURCES:
  fl_contacts:
    :path: Flutter/ephemeral/.symlinks/plugins/fl_contacts/macos
  FlutterMacOS:
    :path: Flutter/ephemeral

SPEC CHECKSUMS:
  fl_contacts: 7d16ca0f8217f1921fee708e797ab292b9422eb5
  FlutterMacOS: c232990155153907050900a2e175c7773903ba4e

PODFILE CHECKSUM: 1e95c36afbfd1cb6423ceca4de7a8e1b256fb6ac

COCOAPODS: 1.16.2
